
Microsoft Visual Studio Solution File, Format Version 12.00
# Visual Studio 15
VisualStudioVersion = 15.0.27004.2009
MinimumVisualStudioVersion = 10.0.40219.1
Project("{FAE04EC0-301F-11D3-BF4B-00C04F79EFBC}") = "EasyTravelWeb", "EasyTravelWeb\EasyTravelWeb.csproj", "{2CEF35A1-9417-481A-AE60-7F856A103A99}"
EndProject
Project("{FAE04EC0-301F-11D3-BF4B-00C04F79EFBC}") = "EasyTravelTest", "EasyTravelTest\EasyTravelTest.csproj", "{E6C0EABF-FBB0-44E4-B981-8E74CBEB029A}"
EndProject
Project("{2150E333-8FDC-42A3-9474-1A3956D46DE8}") = "DB_Scripts", "DB_Scripts", "{55AA4B21-211E-4125-AC13-0D149F5A7502}"
	ProjectSection(SolutionItems) = preProject
		DB_Scripts\db.changelog.xml = DB_Scripts\db.changelog.xml
	EndProjectSection
EndProject
Project("{2150E333-8FDC-42A3-9474-1A3956D46DE8}") = "V1.0", "V1.0", "{B4510B7C-83A8-479E-871D-7D1E4EDBD4C0}"
	ProjectSection(SolutionItems) = preProject
		DB_Scripts\V1.0\ScriptV1.0.sql = DB_Scripts\V1.0\ScriptV1.0.sql
	EndProjectSection
EndProject
Project("{2150E333-8FDC-42A3-9474-1A3956D46DE8}") = "V1.1", "V1.1", "{1A0AB2A5-9218-46B0-B850-306A32737B3C}"
	ProjectSection(SolutionItems) = preProject
		DB_Scripts\V1.1\ScriptV1.1_Procedures.sql = DB_Scripts\V1.1\ScriptV1.1_Procedures.sql
	EndProjectSection
EndProject
Project("{2150E333-8FDC-42A3-9474-1A3956D46DE8}") = "V1.2", "V1.2", "{C657BCE1-1934-45AA-AA65-5D4FB70806A3}"
	ProjectSection(SolutionItems) = preProject
		ScriptV1.2_AddProcedures.sql = ScriptV1.2_AddProcedures.sql
	EndProjectSection
EndProject
Global
	GlobalSection(SolutionConfigurationPlatforms) = preSolution
		Debug|Any CPU = Debug|Any CPU
		Release|Any CPU = Release|Any CPU
	EndGlobalSection
	GlobalSection(ProjectConfigurationPlatforms) = postSolution
		{2CEF35A1-9417-481A-AE60-7F856A103A99}.Debug|Any CPU.ActiveCfg = Debug|Any CPU
		{2CEF35A1-9417-481A-AE60-7F856A103A99}.Debug|Any CPU.Build.0 = Debug|Any CPU
		{2CEF35A1-9417-481A-AE60-7F856A103A99}.Release|Any CPU.ActiveCfg = Release|Any CPU
		{2CEF35A1-9417-481A-AE60-7F856A103A99}.Release|Any CPU.Build.0 = Release|Any CPU
		{E6C0EABF-FBB0-44E4-B981-8E74CBEB029A}.Debug|Any CPU.ActiveCfg = Debug|Any CPU
		{E6C0EABF-FBB0-44E4-B981-8E74CBEB029A}.Debug|Any CPU.Build.0 = Debug|Any CPU
		{E6C0EABF-FBB0-44E4-B981-8E74CBEB029A}.Release|Any CPU.ActiveCfg = Release|Any CPU
		{E6C0EABF-FBB0-44E4-B981-8E74CBEB029A}.Release|Any CPU.Build.0 = Release|Any CPU
	EndGlobalSection
	GlobalSection(SolutionProperties) = preSolution
		HideSolutionNode = FALSE
	EndGlobalSection
	GlobalSection(NestedProjects) = preSolution
		{B4510B7C-83A8-479E-871D-7D1E4EDBD4C0} = {55AA4B21-211E-4125-AC13-0D149F5A7502}
		{1A0AB2A5-9218-46B0-B850-306A32737B3C} = {55AA4B21-211E-4125-AC13-0D149F5A7502}
		{C657BCE1-1934-45AA-AA65-5D4FB70806A3} = {55AA4B21-211E-4125-AC13-0D149F5A7502}
	EndGlobalSection
	GlobalSection(ExtensibilityGlobals) = postSolution
		SolutionGuid = {69F34F38-389E-42AF-9CDB-515325528627}
	EndGlobalSection
EndGlobal
