
Microsoft Visual Studio Solution File, Format Version 12.00
# Visual Studio 15
VisualStudioVersion = 15.0.27130.2010
MinimumVisualStudioVersion = 10.0.40219.1
Project("{FAE04EC0-301F-11D3-BF4B-00C04F79EFBC}") = "EasyTravel", "EasyTravel\EasyTravel.csproj", "{403B669D-D6B1-4998-B5AE-8749F63181D1}"
EndProject
Global
	GlobalSection(SolutionConfigurationPlatforms) = preSolution
		Debug|Any CPU = Debug|Any CPU
		Release|Any CPU = Release|Any CPU
	EndGlobalSection
	GlobalSection(ProjectConfigurationPlatforms) = postSolution
		{403B669D-D6B1-4998-B5AE-8749F63181D1}.Debug|Any CPU.ActiveCfg = Debug|Any CPU
		{403B669D-D6B1-4998-B5AE-8749F63181D1}.Debug|Any CPU.Build.0 = Debug|Any CPU
		{403B669D-D6B1-4998-B5AE-8749F63181D1}.Release|Any CPU.ActiveCfg = Release|Any CPU
		{403B669D-D6B1-4998-B5AE-8749F63181D1}.Release|Any CPU.Build.0 = Release|Any CPU
	EndGlobalSection
	GlobalSection(SolutionProperties) = preSolution
		HideSolutionNode = FALSE
	EndGlobalSection
	GlobalSection(ExtensibilityGlobals) = postSolution
		SolutionGuid = {75263C68-B980-4A41-805B-44D9CDC76EB9}
	EndGlobalSection
EndGlobal
